
Microsoft Visual Studio Solution File, Format Version 12.00
# Visual Studio 15
VisualStudioVersion = 15.0.27130.2010
MinimumVisualStudioVersion = 10.0.40219.1
Project("{9A19103F-16F7-4668-BE54-9A1E7A4F7556}") = "Chad.NBA.Stats", "Chad.NBA.Stats\Chad.NBA.Stats.csproj", "{54B13F48-6DF6-4F2B-8DD7-3B9DCD10A5D7}"
EndProject
Project("{9A19103F-16F7-4668-BE54-9A1E7A4F7556}") = "Chad.NBA.Stats.TestConsole", "Chad.NBA.Stats.TestConsole\Chad.NBA.Stats.TestConsole.csproj", "{9F335727-6906-4C66-8BBD-4D92F0947AD5}"
EndProject
Project("{9A19103F-16F7-4668-BE54-9A1E7A4F7556}") = "Chad.NBA.Stats.Updater", "Chad.NBA.Stats.Updater\Chad.NBA.Stats.Updater.csproj", "{9FCD7D46-288B-411D-8195-1A16DB8C3F37}"
EndProject
Global
	GlobalSection(SolutionConfigurationPlatforms) = preSolution
		Debug|Any CPU = Debug|Any CPU
		Release|Any CPU = Release|Any CPU
	EndGlobalSection
	GlobalSection(ProjectConfigurationPlatforms) = postSolution
		{54B13F48-6DF6-4F2B-8DD7-3B9DCD10A5D7}.Debug|Any CPU.ActiveCfg = Debug|Any CPU
		{54B13F48-6DF6-4F2B-8DD7-3B9DCD10A5D7}.Debug|Any CPU.Build.0 = Debug|Any CPU
		{54B13F48-6DF6-4F2B-8DD7-3B9DCD10A5D7}.Release|Any CPU.ActiveCfg = Release|Any CPU
		{54B13F48-6DF6-4F2B-8DD7-3B9DCD10A5D7}.Release|Any CPU.Build.0 = Release|Any CPU
		{9F335727-6906-4C66-8BBD-4D92F0947AD5}.Debug|Any CPU.ActiveCfg = Debug|Any CPU
		{9F335727-6906-4C66-8BBD-4D92F0947AD5}.Debug|Any CPU.Build.0 = Debug|Any CPU
		{9F335727-6906-4C66-8BBD-4D92F0947AD5}.Release|Any CPU.ActiveCfg = Release|Any CPU
		{9F335727-6906-4C66-8BBD-4D92F0947AD5}.Release|Any CPU.Build.0 = Release|Any CPU
		{9FCD7D46-288B-411D-8195-1A16DB8C3F37}.Debug|Any CPU.ActiveCfg = Debug|Any CPU
		{9FCD7D46-288B-411D-8195-1A16DB8C3F37}.Debug|Any CPU.Build.0 = Debug|Any CPU
		{9FCD7D46-288B-411D-8195-1A16DB8C3F37}.Release|Any CPU.ActiveCfg = Release|Any CPU
		{9FCD7D46-288B-411D-8195-1A16DB8C3F37}.Release|Any CPU.Build.0 = Release|Any CPU
	EndGlobalSection
	GlobalSection(SolutionProperties) = preSolution
		HideSolutionNode = FALSE
	EndGlobalSection
	GlobalSection(ExtensibilityGlobals) = postSolution
		SolutionGuid = {C32554FB-B67F-4338-BCAE-CF53ED35339F}
	EndGlobalSection
EndGlobal
